
Microsoft Visual Studio Solution File, Format Version 12.00
# Visual Studio 15
VisualStudioVersion = 15.0.28010.2050
MinimumVisualStudioVersion = 10.0.40219.1
Project("{FAE04EC0-301F-11D3-BF4B-00C04F79EFBC}") = "MyShop.Core", "MyShop.Core\MyShop.Core.csproj", "{B5D41BCB-178C-4B6B-AAEB-F136AAEE119E}"
EndProject
Project("{FAE04EC0-301F-11D3-BF4B-00C04F79EFBC}") = "MyShop.Services", "MyShop.Services\MyShop.Services.csproj", "{EC3DE0D6-9A4D-42B1-AB0B-D2470A677D70}"
EndProject
Project("{FAE04EC0-301F-11D3-BF4B-00C04F79EFBC}") = "MyShop.WebUI", "MyShop.WebUI\MyShop.WebUI.csproj", "{6313DCF2-E666-4CF4-8685-6CD60E619B2E}"
EndProject
Project("{FAE04EC0-301F-11D3-BF4B-00C04F79EFBC}") = "MyShop.WebUI.Tests", "MyShop.WebUI.Tests\MyShop.WebUI.Tests.csproj", "{2EAA7210-4497-49D3-B524-1522C1DF00F4}"
EndProject
Project("{FAE04EC0-301F-11D3-BF4B-00C04F79EFBC}") = "MyShop.DataAccess.SQL", "MyShop.DataAccess.SQL\MyShop.DataAccess.SQL.csproj", "{2BD31A74-3639-4ED4-8C9B-DCF2576293D0}"
EndProject
Project("{FAE04EC0-301F-11D3-BF4B-00C04F79EFBC}") = "MyShop.DataAccess.InMemory", "MyShop.DataAccess.InMemory\MyShop.DataAccess.InMemory.csproj", "{A3E57A4C-13C2-4D54-AA5B-CB5C2A561E50}"
EndProject
Global
	GlobalSection(SolutionConfigurationPlatforms) = preSolution
		Debug|Any CPU = Debug|Any CPU
		Release|Any CPU = Release|Any CPU
	EndGlobalSection
	GlobalSection(ProjectConfigurationPlatforms) = postSolution
		{B5D41BCB-178C-4B6B-AAEB-F136AAEE119E}.Debug|Any CPU.ActiveCfg = Debug|Any CPU
		{B5D41BCB-178C-4B6B-AAEB-F136AAEE119E}.Debug|Any CPU.Build.0 = Debug|Any CPU
		{B5D41BCB-178C-4B6B-AAEB-F136AAEE119E}.Release|Any CPU.ActiveCfg = Release|Any CPU
		{B5D41BCB-178C-4B6B-AAEB-F136AAEE119E}.Release|Any CPU.Build.0 = Release|Any CPU
		{EC3DE0D6-9A4D-42B1-AB0B-D2470A677D70}.Debug|Any CPU.ActiveCfg = Debug|Any CPU
		{EC3DE0D6-9A4D-42B1-AB0B-D2470A677D70}.Debug|Any CPU.Build.0 = Debug|Any CPU
		{EC3DE0D6-9A4D-42B1-AB0B-D2470A677D70}.Release|Any CPU.ActiveCfg = Release|Any CPU
		{EC3DE0D6-9A4D-42B1-AB0B-D2470A677D70}.Release|Any CPU.Build.0 = Release|Any CPU
		{6313DCF2-E666-4CF4-8685-6CD60E619B2E}.Debug|Any CPU.ActiveCfg = Debug|Any CPU
		{6313DCF2-E666-4CF4-8685-6CD60E619B2E}.Debug|Any CPU.Build.0 = Debug|Any CPU
		{6313DCF2-E666-4CF4-8685-6CD60E619B2E}.Release|Any CPU.ActiveCfg = Release|Any CPU
		{6313DCF2-E666-4CF4-8685-6CD60E619B2E}.Release|Any CPU.Build.0 = Release|Any CPU
		{2EAA7210-4497-49D3-B524-1522C1DF00F4}.Debug|Any CPU.ActiveCfg = Debug|Any CPU
		{2EAA7210-4497-49D3-B524-1522C1DF00F4}.Debug|Any CPU.Build.0 = Debug|Any CPU
		{2EAA7210-4497-49D3-B524-1522C1DF00F4}.Release|Any CPU.ActiveCfg = Release|Any CPU
		{2EAA7210-4497-49D3-B524-1522C1DF00F4}.Release|Any CPU.Build.0 = Release|Any CPU
		{2BD31A74-3639-4ED4-8C9B-DCF2576293D0}.Debug|Any CPU.ActiveCfg = Debug|Any CPU
		{2BD31A74-3639-4ED4-8C9B-DCF2576293D0}.Debug|Any CPU.Build.0 = Debug|Any CPU
		{2BD31A74-3639-4ED4-8C9B-DCF2576293D0}.Release|Any CPU.ActiveCfg = Release|Any CPU
		{2BD31A74-3639-4ED4-8C9B-DCF2576293D0}.Release|Any CPU.Build.0 = Release|Any CPU
		{A3E57A4C-13C2-4D54-AA5B-CB5C2A561E50}.Debug|Any CPU.ActiveCfg = Debug|Any CPU
		{A3E57A4C-13C2-4D54-AA5B-CB5C2A561E50}.Debug|Any CPU.Build.0 = Debug|Any CPU
		{A3E57A4C-13C2-4D54-AA5B-CB5C2A561E50}.Release|Any CPU.ActiveCfg = Release|Any CPU
		{A3E57A4C-13C2-4D54-AA5B-CB5C2A561E50}.Release|Any CPU.Build.0 = Release|Any CPU
	EndGlobalSection
	GlobalSection(SolutionProperties) = preSolution
		HideSolutionNode = FALSE
	EndGlobalSection
	GlobalSection(ExtensibilityGlobals) = postSolution
		SolutionGuid = {9A07620B-E277-44EE-B83E-6E363D36CBB8}
	EndGlobalSection
EndGlobal
